
Microsoft Visual Studio Solution File, Format Version 12.00
# Visual Studio Version 17
VisualStudioVersion = 17.5.33627.172
MinimumVisualStudioVersion = 10.0.40219.1
Project("{FAE04EC0-301F-11D3-BF4B-00C04F79EFBC}") = "Lab7-Que2", "Lab7-Que2.csproj", "{AEE7BAC8-DC90-4623-BED5-303D237E732D}"
EndProject
Global
	GlobalSection(SolutionConfigurationPlatforms) = preSolution
		Debug|Any CPU = Debug|Any CPU
		Release|Any CPU = Release|Any CPU
	EndGlobalSection
	GlobalSection(ProjectConfigurationPlatforms) = postSolution
		{AEE7BAC8-DC90-4623-BED5-303D237E732D}.Debug|Any CPU.ActiveCfg = Debug|Any CPU
		{AEE7BAC8-DC90-4623-BED5-303D237E732D}.Debug|Any CPU.Build.0 = Debug|Any CPU
		{AEE7BAC8-DC90-4623-BED5-303D237E732D}.Release|Any CPU.ActiveCfg = Release|Any CPU
		{AEE7BAC8-DC90-4623-BED5-303D237E732D}.Release|Any CPU.Build.0 = Release|Any CPU
	EndGlobalSection
	GlobalSection(SolutionProperties) = preSolution
		HideSolutionNode = FALSE
	EndGlobalSection
	GlobalSection(ExtensibilityGlobals) = postSolution
		SolutionGuid = {894B7C99-7277-4930-B2C0-2D9BBBA65287}
	EndGlobalSection
EndGlobal
