
Microsoft Visual Studio Solution File, Format Version 12.00
# Visual Studio Version 17
VisualStudioVersion = 17.5.33627.172
MinimumVisualStudioVersion = 10.0.40219.1
Project("{FAE04EC0-301F-11D3-BF4B-00C04F79EFBC}") = "Lab Session 8", "Lab Session 8.csproj", "{6F2ECDA3-846C-4832-BDD2-CD91CA3F1B3C}"
EndProject
Global
	GlobalSection(SolutionConfigurationPlatforms) = preSolution
		Debug|Any CPU = Debug|Any CPU
		Release|Any CPU = Release|Any CPU
	EndGlobalSection
	GlobalSection(ProjectConfigurationPlatforms) = postSolution
		{6F2ECDA3-846C-4832-BDD2-CD91CA3F1B3C}.Debug|Any CPU.ActiveCfg = Debug|Any CPU
		{6F2ECDA3-846C-4832-BDD2-CD91CA3F1B3C}.Debug|Any CPU.Build.0 = Debug|Any CPU
		{6F2ECDA3-846C-4832-BDD2-CD91CA3F1B3C}.Release|Any CPU.ActiveCfg = Release|Any CPU
		{6F2ECDA3-846C-4832-BDD2-CD91CA3F1B3C}.Release|Any CPU.Build.0 = Release|Any CPU
	EndGlobalSection
	GlobalSection(SolutionProperties) = preSolution
		HideSolutionNode = FALSE
	EndGlobalSection
	GlobalSection(ExtensibilityGlobals) = postSolution
		SolutionGuid = {DE62410F-AC28-42A3-B3F4-ED89A6EAC190}
	EndGlobalSection
EndGlobal
